
Microsoft Visual Studio Solution File, Format Version 12.00
# Visual Studio 15
VisualStudioVersion = 15.0.26127.0
MinimumVisualStudioVersion = 10.0.40219.1
Project("{9A19103F-16F7-4668-BE54-9A1E7A4F7556}") = "GenericStorage", "GenericStorage\GenericStorage.csproj", "{B8C7024F-2E15-4343-B3F9-7480DEADEF9B}"
EndProject
Project("{9A19103F-16F7-4668-BE54-9A1E7A4F7556}") = "GenericStorage.Tests", "GenericStorage.Tests\GenericStorage.Tests.csproj", "{DB44B285-C061-4C0B-A2A3-3EEFA83598FD}"
EndProject
Global
	GlobalSection(SolutionConfigurationPlatforms) = preSolution
		Debug|Any CPU = Debug|Any CPU
		Debug|x64 = Debug|x64
		Debug|x86 = Debug|x86
		Release|Any CPU = Release|Any CPU
		Release|x64 = Release|x64
		Release|x86 = Release|x86
	EndGlobalSection
	GlobalSection(ProjectConfigurationPlatforms) = postSolution
		{B8C7024F-2E15-4343-B3F9-7480DEADEF9B}.Debug|Any CPU.ActiveCfg = Debug|Any CPU
		{B8C7024F-2E15-4343-B3F9-7480DEADEF9B}.Debug|Any CPU.Build.0 = Debug|Any CPU
		{B8C7024F-2E15-4343-B3F9-7480DEADEF9B}.Debug|x64.ActiveCfg = Debug|Any CPU
		{B8C7024F-2E15-4343-B3F9-7480DEADEF9B}.Debug|x64.Build.0 = Debug|Any CPU
		{B8C7024F-2E15-4343-B3F9-7480DEADEF9B}.Debug|x86.ActiveCfg = Debug|Any CPU
		{B8C7024F-2E15-4343-B3F9-7480DEADEF9B}.Debug|x86.Build.0 = Debug|Any CPU
		{B8C7024F-2E15-4343-B3F9-7480DEADEF9B}.Release|Any CPU.ActiveCfg = Release|Any CPU
		{B8C7024F-2E15-4343-B3F9-7480DEADEF9B}.Release|Any CPU.Build.0 = Release|Any CPU
		{B8C7024F-2E15-4343-B3F9-7480DEADEF9B}.Release|x64.ActiveCfg = Release|Any CPU
		{B8C7024F-2E15-4343-B3F9-7480DEADEF9B}.Release|x64.Build.0 = Release|Any CPU
		{B8C7024F-2E15-4343-B3F9-7480DEADEF9B}.Release|x86.ActiveCfg = Release|Any CPU
		{B8C7024F-2E15-4343-B3F9-7480DEADEF9B}.Release|x86.Build.0 = Release|Any CPU
		{DB44B285-C061-4C0B-A2A3-3EEFA83598FD}.Debug|Any CPU.ActiveCfg = Debug|Any CPU
		{DB44B285-C061-4C0B-A2A3-3EEFA83598FD}.Debug|Any CPU.Build.0 = Debug|Any CPU
		{DB44B285-C061-4C0B-A2A3-3EEFA83598FD}.Debug|x64.ActiveCfg = Debug|Any CPU
		{DB44B285-C061-4C0B-A2A3-3EEFA83598FD}.Debug|x64.Build.0 = Debug|Any CPU
		{DB44B285-C061-4C0B-A2A3-3EEFA83598FD}.Debug|x86.ActiveCfg = Debug|Any CPU
		{DB44B285-C061-4C0B-A2A3-3EEFA83598FD}.Debug|x86.Build.0 = Debug|Any CPU
		{DB44B285-C061-4C0B-A2A3-3EEFA83598FD}.Release|Any CPU.ActiveCfg = Release|Any CPU
		{DB44B285-C061-4C0B-A2A3-3EEFA83598FD}.Release|Any CPU.Build.0 = Release|Any CPU
		{DB44B285-C061-4C0B-A2A3-3EEFA83598FD}.Release|x64.ActiveCfg = Release|Any CPU
		{DB44B285-C061-4C0B-A2A3-3EEFA83598FD}.Release|x64.Build.0 = Release|Any CPU
		{DB44B285-C061-4C0B-A2A3-3EEFA83598FD}.Release|x86.ActiveCfg = Release|Any CPU
		{DB44B285-C061-4C0B-A2A3-3EEFA83598FD}.Release|x86.Build.0 = Release|Any CPU
	EndGlobalSection
	GlobalSection(SolutionProperties) = preSolution
		HideSolutionNode = FALSE
	EndGlobalSection
	GlobalSection(ExtensibilityGlobals) = postSolution
		SolutionGuid = {0AD30263-475B-48AE-84FA-5EAD1EA0B6E5}
	EndGlobalSection
EndGlobal
